
Microsoft Visual Studio Solution File, Format Version 12.00
# Visual Studio Version 17
VisualStudioVersion = 17.14.36414.22 d17.14
MinimumVisualStudioVersion = 10.0.40219.1
Project("{FAE04EC0-301F-11D3-BF4B-00C04F79EFBC}") = "OOP_1sem_Lab6", "OOP_1sem_Lab6\OOP_1sem_Lab6.csproj", "{35B96B13-F0F4-49A0-A80F-B3BE0D53A30D}"
EndProject
Global
	GlobalSection(SolutionConfigurationPlatforms) = preSolution
		Debug|Any CPU = Debug|Any CPU
		Release|Any CPU = Release|Any CPU
	EndGlobalSection
	GlobalSection(ProjectConfigurationPlatforms) = postSolution
		{35B96B13-F0F4-49A0-A80F-B3BE0D53A30D}.Debug|Any CPU.ActiveCfg = Debug|Any CPU
		{35B96B13-F0F4-49A0-A80F-B3BE0D53A30D}.Debug|Any CPU.Build.0 = Debug|Any CPU
		{35B96B13-F0F4-49A0-A80F-B3BE0D53A30D}.Release|Any CPU.ActiveCfg = Release|Any CPU
		{35B96B13-F0F4-49A0-A80F-B3BE0D53A30D}.Release|Any CPU.Build.0 = Release|Any CPU
	EndGlobalSection
	GlobalSection(SolutionProperties) = preSolution
		HideSolutionNode = FALSE
	EndGlobalSection
	GlobalSection(ExtensibilityGlobals) = postSolution
		SolutionGuid = {3D1A8D76-E6B5-4910-8964-0720099FB101}
	EndGlobalSection
EndGlobal
